{
  "version": 4,
  "terraform_version": "1.8.0",
  "serial": 39,
  "lineage": "12e29b40-67a8-6726-8ba2-ffe389a93389",
  "outputs": {
    "db_cluster_arn": {
      "value": "arn:aws:rds:us-west-2:303467602807:cluster:tf-20250803181355694000000001",
      "type": "string"
    },
    "db_cluster_db_name": {
      "value": "app",
      "type": "string"
    },
    "db_cluster_endpoint": {
      "value": "tf-20250803181355694000000001.cluster-cxewdurzz6g8.us-west-2.rds.amazonaws.com",
      "type": "string"
    },
    "db_cluster_engine_version": {
      "value": "13",
      "type": "string"
    },
    "db_cluster_id": {
      "value": "tf-20250803181355694000000001",
      "type": "string"
    },
    "db_cluster_port": {
      "value": 5432,
      "type": "number"
    },
    "master_password": {
      "value": "hACoaiRw2WOSW7KSJhMSr",
      "type": "string",
      "sensitive": true
    },
    "master_username": {
      "value": "foo",
      "type": "string"
    }
  },
  "resources": [
    {
      "mode": "managed",
      "type": "aws_db_subnet_group",
      "name": "default",
      "provider": "provider[\"registry.terraform.io/hashicorp/aws\"]",
      "instances": [
        {
          "schema_version": 0,
          "attributes": {
            "arn": "arn:aws:rds:us-west-2:303467602807:subgrp:terraform-20250803165629458000000001",
            "description": "Managed by Terraform",
            "id": "terraform-20250803165629458000000001",
            "name": "terraform-20250803165629458000000001",
            "name_prefix": "terraform-",
            "subnet_ids": [
              "subnet-0744f3ab2d22ce4e5",
              "subnet-0dbb231c28a4b1e21",
              "subnet-0fbe0ec94c533a55e"
            ],
            "supported_network_types": [
              "IPV4"
            ],
            "tags": {},
            "tags_all": {
              "created_by": "infrahouse/terraform-aws-dms/postgres-13"
            },
            "vpc_id": "vpc-0e97071454dd1b534"
          },
          "sensitive_attributes": [],
          "private": "bnVsbA=="
        }
      ]
    },
    {
      "mode": "managed",
      "type": "aws_rds_cluster",
      "name": "default",
      "provider": "provider[\"registry.terraform.io/hashicorp/aws\"]",
      "instances": [
        {
          "schema_version": 1,
          "attributes": {
            "allocated_storage": 1,
            "allow_major_version_upgrade": false,
            "apply_immediately": true,
            "arn": "arn:aws:rds:us-west-2:303467602807:cluster:tf-20250803181355694000000001",
            "availability_zones": [
              "us-west-2a",
              "us-west-2b",
              "us-west-2d"
            ],
            "backtrack_window": 0,
            "backup_retention_period": 1,
            "ca_certificate_identifier": null,
            "ca_certificate_valid_till": null,
            "cluster_identifier": "tf-20250803181355694000000001",
            "cluster_identifier_prefix": "tf-",
            "cluster_members": [
              "aurora-pg-instance-1"
            ],
            "cluster_resource_id": "cluster-VV2XYX7CXSYV7KLNBB76KU3354",
            "cluster_scalability_type": "",
            "copy_tags_to_snapshot": false,
            "database_insights_mode": "standard",
            "database_name": "app",
            "db_cluster_instance_class": "",
            "db_cluster_parameter_group_name": "default.aurora-postgresql13",
            "db_instance_parameter_group_name": null,
            "db_subnet_group_name": "terraform-20250803165629458000000001",
            "db_system_id": "",
            "delete_automated_backups": true,
            "deletion_protection": false,
            "domain": "",
            "domain_iam_role_name": "",
            "enable_global_write_forwarding": false,
            "enable_http_endpoint": false,
            "enable_local_write_forwarding": false,
            "enabled_cloudwatch_logs_exports": [],
            "endpoint": "tf-20250803181355694000000001.cluster-cxewdurzz6g8.us-west-2.rds.amazonaws.com",
            "engine": "aurora-postgresql",
            "engine_lifecycle_support": "open-source-rds-extended-support",
            "engine_mode": "provisioned",
            "engine_version": "13",
            "engine_version_actual": "13.18",
            "final_snapshot_identifier": null,
            "global_cluster_identifier": "",
            "hosted_zone_id": "Z1PVIF0B656C1W",
            "iam_database_authentication_enabled": false,
            "iam_roles": [],
            "id": "tf-20250803181355694000000001",
            "iops": 0,
            "kms_key_id": "",
            "manage_master_user_password": null,
            "master_password": "hACoaiRw2WOSW7KSJhMSr",
            "master_password_wo": null,
            "master_password_wo_version": null,
            "master_user_secret": [],
            "master_user_secret_kms_key_id": null,
            "master_username": "foo",
            "monitoring_interval": 0,
            "monitoring_role_arn": "",
            "network_type": "IPV4",
            "performance_insights_enabled": false,
            "performance_insights_kms_key_id": "",
            "performance_insights_retention_period": 0,
            "port": 5432,
            "preferred_backup_window": "11:41-12:11",
            "preferred_maintenance_window": "thu:09:20-thu:09:50",
            "reader_endpoint": "tf-20250803181355694000000001.cluster-ro-cxewdurzz6g8.us-west-2.rds.amazonaws.com",
            "replication_source_identifier": "",
            "restore_to_point_in_time": [],
            "s3_import": [],
            "scaling_configuration": [],
            "serverlessv2_scaling_configuration": [],
            "skip_final_snapshot": true,
            "snapshot_identifier": null,
            "source_region": null,
            "storage_encrypted": false,
            "storage_type": "",
            "tags": {},
            "tags_all": {
              "created_by": "infrahouse/terraform-aws-dms/postgres-13"
            },
            "timeouts": null,
            "vpc_security_group_ids": [
              "sg-064eb350f650fc2e3"
            ]
          },
          "sensitive_attributes": [
            [
              {
                "type": "get_attr",
                "value": "master_password_wo"
              }
            ],
            [
              {
                "type": "get_attr",
                "value": "master_password"
              }
            ]
          ],
          "private": "eyJlMmJmYjczMC1lY2FhLTExZTYtOGY4OC0zNDM2M2JjN2M0YzAiOnsiY3JlYXRlIjo3MjAwMDAwMDAwMDAwLCJkZWxldGUiOjcyMDAwMDAwMDAwMDAsInVwZGF0ZSI6NzIwMDAwMDAwMDAwMH0sInNjaGVtYV92ZXJzaW9uIjoiMSJ9",
          "dependencies": [
            "aws_db_subnet_group.default",
            "random_password.db_pass"
          ]
        }
      ]
    },
    {
      "mode": "managed",
      "type": "aws_rds_cluster_instance",
      "name": "aurora_pg_instance",
      "provider": "provider[\"registry.terraform.io/hashicorp/aws\"]",
      "instances": [
        {
          "index_key": 0,
          "schema_version": 0,
          "attributes": {
            "apply_immediately": true,
            "arn": "arn:aws:rds:us-west-2:303467602807:db:aurora-pg-instance-1",
            "auto_minor_version_upgrade": true,
            "availability_zone": "us-west-2a",
            "ca_cert_identifier": "rds-ca-rsa2048-g1",
            "cluster_identifier": "tf-20250803181355694000000001",
            "copy_tags_to_snapshot": false,
            "custom_iam_instance_profile": "",
            "db_parameter_group_name": "default.aurora-postgresql13",
            "db_subnet_group_name": "terraform-20250803165629458000000001",
            "dbi_resource_id": "db-4CJSUETC3DMLI2IN4DVEQLL4KA",
            "endpoint": "aurora-pg-instance-1.cxewdurzz6g8.us-west-2.rds.amazonaws.com",
            "engine": "aurora-postgresql",
            "engine_version": "13",
            "engine_version_actual": "13.18",
            "force_destroy": false,
            "id": "aurora-pg-instance-1",
            "identifier": "aurora-pg-instance-1",
            "identifier_prefix": "",
            "instance_class": "db.r5.large",
            "kms_key_id": "",
            "monitoring_interval": 0,
            "monitoring_role_arn": "",
            "network_type": "IPV4",
            "performance_insights_enabled": false,
            "performance_insights_kms_key_id": "",
            "performance_insights_retention_period": 0,
            "port": 5432,
            "preferred_backup_window": "11:41-12:11",
            "preferred_maintenance_window": "sat:07:59-sat:08:29",
            "promotion_tier": 0,
            "publicly_accessible": false,
            "storage_encrypted": false,
            "tags": {},
            "tags_all": {
              "created_by": "infrahouse/terraform-aws-dms/postgres-13"
            },
            "timeouts": null,
            "writer": true
          },
          "sensitive_attributes": [],
          "private": "eyJlMmJmYjczMC1lY2FhLTExZTYtOGY4OC0zNDM2M2JjN2M0YzAiOnsiY3JlYXRlIjo1NDAwMDAwMDAwMDAwLCJkZWxldGUiOjU0MDAwMDAwMDAwMDAsInVwZGF0ZSI6NTQwMDAwMDAwMDAwMH19",
          "dependencies": [
            "aws_db_subnet_group.default",
            "aws_rds_cluster.default",
            "random_password.db_pass"
          ]
        }
      ]
    },
    {
      "mode": "managed",
      "type": "random_password",
      "name": "db_pass",
      "provider": "provider[\"registry.terraform.io/hashicorp/random\"]",
      "instances": [
        {
          "schema_version": 3,
          "attributes": {
            "bcrypt_hash": "$2a$10$5aX/XEOU5s25zO1eQGJqNesAh2LcIUxSjjlY4E5YWZgeqmlMhYK86",
            "id": "none",
            "keepers": null,
            "length": 21,
            "lower": true,
            "min_lower": 0,
            "min_numeric": 0,
            "min_special": 0,
            "min_upper": 0,
            "number": true,
            "numeric": true,
            "override_special": null,
            "result": "hACoaiRw2WOSW7KSJhMSr",
            "special": false,
            "upper": true
          },
          "sensitive_attributes": [
            [
              {
                "type": "get_attr",
                "value": "bcrypt_hash"
              }
            ],
            [
              {
                "type": "get_attr",
                "value": "result"
              }
            ]
          ]
        }
      ]
    }
  ],
  "check_results": null
}
