{
  "version": 4,
  "terraform_version": "1.8.0",
  "serial": 679,
  "lineage": "60a00497-6747-a920-df08-c89aa16d7717",
  "outputs": {},
  "resources": [
    {
      "mode": "data",
      "type": "aws_availability_zones",
      "name": "available",
      "provider": "provider[\"registry.terraform.io/hashicorp/aws\"]",
      "instances": [
        {
          "schema_version": 0,
          "attributes": {
            "all_availability_zones": null,
            "exclude_names": null,
            "exclude_zone_ids": null,
            "filter": null,
            "group_names": [
              "us-west-2-zg-1"
            ],
            "id": "us-west-2",
            "names": [
              "us-west-2a",
              "us-west-2b",
              "us-west-2c",
              "us-west-2d"
            ],
            "state": "available",
            "timeouts": null,
            "zone_ids": [
              "usw2-az1",
              "usw2-az2",
              "usw2-az3",
              "usw2-az4"
            ]
          },
          "sensitive_attributes": []
        }
      ]
    },
    {
      "mode": "data",
      "type": "aws_region",
      "name": "current",
      "provider": "provider[\"registry.terraform.io/hashicorp/aws\"]",
      "instances": [
        {
          "schema_version": 0,
          "attributes": {
            "description": "US West (Oregon)",
            "endpoint": "ec2.us-west-2.amazonaws.com",
            "id": "us-west-2",
            "name": "us-west-2"
          },
          "sensitive_attributes": []
        }
      ]
    },
    {
      "module": "module.test",
      "mode": "data",
      "type": "aws_db_subnet_group",
      "name": "source",
      "provider": "provider[\"registry.terraform.io/hashicorp/aws\"]",
      "instances": [
        {
          "schema_version": 0,
          "attributes": {
            "arn": "arn:aws:rds:us-west-2:303467602807:subgrp:aurora-pg-19db8334ac5df01c494cca2c7c2d104e71475e6c20250803214515062000000001",
            "description": "Managed by Terraform",
            "id": "aurora-pg-19db8334ac5df01c494cca2c7c2d104e71475e6c20250803214515062000000001",
            "name": "aurora-pg-19db8334ac5df01c494cca2c7c2d104e71475e6c20250803214515062000000001",
            "status": "Complete",
            "subnet_ids": [
              "subnet-08ea093fe10993deb",
              "subnet-097ca85f2242ffd64",
              "subnet-0b03865967f90c59e"
            ],
            "supported_network_types": [
              "IPV4"
            ],
            "vpc_id": "vpc-0e97071454dd1b534"
          },
          "sensitive_attributes": []
        }
      ]
    },
    {
      "module": "module.test",
      "mode": "data",
      "type": "aws_iam_policy_document",
      "name": "dms_assume_role",
      "provider": "provider[\"registry.terraform.io/hashicorp/aws\"]",
      "instances": [
        {
          "schema_version": 0,
          "attributes": {
            "id": "3935035000",
            "json": "{\n  \"Version\": \"2012-10-17\",\n  \"Statement\": [\n    {\n      \"Effect\": \"Allow\",\n      \"Action\": \"sts:AssumeRole\",\n      \"Principal\": {\n        \"Service\": \"dms.amazonaws.com\"\n      }\n    }\n  ]\n}",
            "minified_json": "{\"Version\":\"2012-10-17\",\"Statement\":[{\"Effect\":\"Allow\",\"Action\":\"sts:AssumeRole\",\"Principal\":{\"Service\":\"dms.amazonaws.com\"}}]}",
            "override_json": null,
            "override_policy_documents": null,
            "policy_id": null,
            "source_json": null,
            "source_policy_documents": null,
            "statement": [
              {
                "actions": [
                  "sts:AssumeRole"
                ],
                "condition": [],
                "effect": "Allow",
                "not_actions": [],
                "not_principals": [],
                "not_resources": [],
                "principals": [
                  {
                    "identifiers": [
                      "dms.amazonaws.com"
                    ],
                    "type": "Service"
                  }
                ],
                "resources": [],
                "sid": ""
              }
            ],
            "version": "2012-10-17"
          },
          "sensitive_attributes": []
        }
      ]
    },
    {
      "module": "module.test",
      "mode": "data",
      "type": "aws_rds_cluster",
      "name": "source",
      "provider": "provider[\"registry.terraform.io/hashicorp/aws\"]",
      "instances": [
        {
          "schema_version": 0,
          "attributes": {
            "arn": "arn:aws:rds:us-west-2:303467602807:cluster:aurora-pg-1320250803225313031600000001",
            "availability_zones": [
              "us-west-2a",
              "us-west-2b",
              "us-west-2d"
            ],
            "backtrack_window": 0,
            "backup_retention_period": 1,
            "cluster_identifier": "aurora-pg-1320250803225313031600000001",
            "cluster_members": [
              "aurora-pg-13-020250803225344381400000002"
            ],
            "cluster_resource_id": "cluster-ZRSBAHCQ2AILOW26NSCKHTA6UU",
            "cluster_scalability_type": "",
            "database_insights_mode": "standard",
            "database_name": "omdb",
            "db_cluster_parameter_group_name": "aurora-pg-13-20250803210349294000000002",
            "db_subnet_group_name": "aurora-pg-19db8334ac5df01c494cca2c7c2d104e71475e6c20250803214515062000000001",
            "db_system_id": "",
            "enabled_cloudwatch_logs_exports": [],
            "endpoint": "aurora-pg-1320250803225313031600000001.cluster-cxewdurzz6g8.us-west-2.rds.amazonaws.com",
            "engine": "aurora-postgresql",
            "engine_mode": "provisioned",
            "engine_version": "13.18",
            "final_snapshot_identifier": null,
            "hosted_zone_id": "Z1PVIF0B656C1W",
            "iam_database_authentication_enabled": false,
            "iam_roles": [],
            "id": "aurora-pg-1320250803225313031600000001",
            "kms_key_id": "",
            "master_user_secret": null,
            "master_username": "foo",
            "monitoring_interval": 0,
            "monitoring_role_arn": "",
            "network_type": "IPV4",
            "port": 5432,
            "preferred_backup_window": "07:24-07:54",
            "preferred_maintenance_window": "wed:10:11-wed:10:41",
            "reader_endpoint": "aurora-pg-1320250803225313031600000001.cluster-ro-cxewdurzz6g8.us-west-2.rds.amazonaws.com",
            "replication_source_identifier": "",
            "storage_encrypted": false,
            "tags": {
              "created_by": "infrahouse/terraform-aws-dms/postgres-13"
            },
            "vpc_security_group_ids": [
              "sg-064eb350f650fc2e3"
            ]
          },
          "sensitive_attributes": []
        }
      ]
    },
    {
      "module": "module.test",
      "mode": "data",
      "type": "aws_rds_cluster",
      "name": "target",
      "provider": "provider[\"registry.terraform.io/hashicorp/aws\"]",
      "instances": [
        {
          "schema_version": 0,
          "attributes": {
            "arn": "arn:aws:rds:us-west-2:303467602807:cluster:aurora-pg-1720250803231132324500000001",
            "availability_zones": [
              "us-west-2a",
              "us-west-2b",
              "us-west-2d"
            ],
            "backtrack_window": 0,
            "backup_retention_period": 1,
            "cluster_identifier": "aurora-pg-1720250803231132324500000001",
            "cluster_members": [
              "aurora-pg-17-020250803231204034800000002"
            ],
            "cluster_resource_id": "cluster-YZBZYPICTHUC4I3HSZUDITQ3QQ",
            "cluster_scalability_type": "",
            "database_insights_mode": "standard",
            "database_name": "omdb",
            "db_cluster_parameter_group_name": "aurora-pg-17-20250803210539063900000001",
            "db_subnet_group_name": "aurora-pg-19db8334ac5df01c494cca2c7c2d104e71475e6c20250803220338143400000001",
            "db_system_id": "",
            "enabled_cloudwatch_logs_exports": [],
            "endpoint": "aurora-pg-1720250803231132324500000001.cluster-cxewdurzz6g8.us-west-2.rds.amazonaws.com",
            "engine": "aurora-postgresql",
            "engine_mode": "provisioned",
            "engine_version": "17.4",
            "final_snapshot_identifier": null,
            "hosted_zone_id": "Z1PVIF0B656C1W",
            "iam_database_authentication_enabled": false,
            "iam_roles": [],
            "id": "aurora-pg-1720250803231132324500000001",
            "kms_key_id": "",
            "master_user_secret": null,
            "master_username": "foo",
            "monitoring_interval": 0,
            "monitoring_role_arn": "",
            "network_type": "IPV4",
            "port": 5432,
            "preferred_backup_window": "13:24-13:54",
            "preferred_maintenance_window": "thu:07:48-thu:08:18",
            "reader_endpoint": "aurora-pg-1720250803231132324500000001.cluster-ro-cxewdurzz6g8.us-west-2.rds.amazonaws.com",
            "replication_source_identifier": "",
            "storage_encrypted": false,
            "tags": {
              "created_by": "infrahouse/terraform-aws-dms/postgres-13"
            },
            "vpc_security_group_ids": [
              "sg-064eb350f650fc2e3"
            ]
          },
          "sensitive_attributes": []
        }
      ]
    },
    {
      "module": "module.test",
      "mode": "managed",
      "type": "aws_cloudwatch_log_group",
      "name": "dms-tasks",
      "provider": "provider[\"registry.terraform.io/hashicorp/aws\"]",
      "instances": [
        {
          "schema_version": 0,
          "attributes": {
            "arn": "arn:aws:logs:us-west-2:303467602807:log-group:dms-tasks-dms",
            "id": "dms-tasks-dms",
            "kms_key_id": "",
            "log_group_class": "STANDARD",
            "name": "dms-tasks-dms",
            "name_prefix": "",
            "retention_in_days": 0,
            "skip_destroy": false,
            "tags": {},
            "tags_all": {
              "created_by": "infrahouse/terraform-aws-dms"
            }
          },
          "sensitive_attributes": [],
          "private": "bnVsbA=="
        }
      ]
    },
    {
      "module": "module.test",
      "mode": "managed",
      "type": "aws_dms_endpoint",
      "name": "source",
      "provider": "provider[\"registry.terraform.io/hashicorp/aws\"]",
      "instances": [
        {
          "schema_version": 0,
          "attributes": {
            "certificate_arn": "",
            "database_name": "omdb",
            "elasticsearch_settings": [],
            "endpoint_arn": "arn:aws:dms:us-west-2:303467602807:endpoint:55W5ZFGTERDDDFEOJ4OIPKBZQQ",
            "endpoint_id": "source",
            "endpoint_type": "source",
            "engine_name": "aurora-postgresql",
            "extra_connection_attributes": "",
            "id": "source",
            "kafka_settings": [],
            "kinesis_settings": [],
            "kms_key_arn": "arn:aws:kms:us-west-2:303467602807:key/712c6f19-89e2-4151-b953-795f8bb19604",
            "mongodb_settings": [],
            "password": "RwowsvaxWLRbXA9e64Tnh",
            "pause_replication_tasks": null,
            "port": 5432,
            "postgres_settings": [
              {
                "after_connect_script": "",
                "babelfish_database_name": "",
                "capture_ddls": false,
                "database_mode": "",
                "ddl_artifacts_schema": "",
                "execute_timeout": 0,
                "fail_tasks_on_lob_truncation": false,
                "heartbeat_enable": false,
                "heartbeat_frequency": 0,
                "heartbeat_schema": "",
                "map_boolean_as_boolean": false,
                "map_jsonb_as_clob": false,
                "map_long_varchar_as": "",
                "max_file_size": 0,
                "plugin_name": "",
                "slot_name": ""
              }
            ],
            "redis_settings": [],
            "redshift_settings": [],
            "s3_settings": [],
            "secrets_manager_access_role_arn": "",
            "secrets_manager_arn": "",
            "server_name": "aurora-pg-1320250803225313031600000001.cluster-cxewdurzz6g8.us-west-2.rds.amazonaws.com",
            "service_access_role": null,
            "ssl_mode": "none",
            "tags": {},
            "tags_all": {
              "created_by": "infrahouse/terraform-aws-dms"
            },
            "timeouts": null,
            "username": "foo"
          },
          "sensitive_attributes": [
            [
              {
                "type": "get_attr",
                "value": "password"
              }
            ]
          ],
          "private": "eyJlMmJmYjczMC1lY2FhLTExZTYtOGY4OC0zNDM2M2JjN2M0YzAiOnsiY3JlYXRlIjozMDAwMDAwMDAwMDAsImRlbGV0ZSI6NjAwMDAwMDAwMDAwfX0=",
          "dependencies": [
            "module.test.data.aws_rds_cluster.source"
          ]
        }
      ]
    },
    {
      "module": "module.test",
      "mode": "managed",
      "type": "aws_dms_endpoint",
      "name": "target",
      "provider": "provider[\"registry.terraform.io/hashicorp/aws\"]",
      "instances": [
        {
          "schema_version": 0,
          "attributes": {
            "certificate_arn": "",
            "database_name": "omdb",
            "elasticsearch_settings": [],
            "endpoint_arn": "arn:aws:dms:us-west-2:303467602807:endpoint:S6GRY7USQRCQPI3CORFODLHSZA",
            "endpoint_id": "target",
            "endpoint_type": "target",
            "engine_name": "aurora-postgresql",
            "extra_connection_attributes": "",
            "id": "target",
            "kafka_settings": [],
            "kinesis_settings": [],
            "kms_key_arn": "arn:aws:kms:us-west-2:303467602807:key/712c6f19-89e2-4151-b953-795f8bb19604",
            "mongodb_settings": [],
            "password": "tslEOPrEw5blErGh7sIjL",
            "pause_replication_tasks": null,
            "port": 5432,
            "postgres_settings": [
              {
                "after_connect_script": "",
                "babelfish_database_name": "",
                "capture_ddls": false,
                "database_mode": "",
                "ddl_artifacts_schema": "",
                "execute_timeout": 0,
                "fail_tasks_on_lob_truncation": false,
                "heartbeat_enable": false,
                "heartbeat_frequency": 0,
                "heartbeat_schema": "",
                "map_boolean_as_boolean": false,
                "map_jsonb_as_clob": false,
                "map_long_varchar_as": "",
                "max_file_size": 0,
                "plugin_name": "",
                "slot_name": ""
              }
            ],
            "redis_settings": [],
            "redshift_settings": [],
            "s3_settings": [],
            "secrets_manager_access_role_arn": "",
            "secrets_manager_arn": "",
            "server_name": "aurora-pg-1720250803231132324500000001.cluster-cxewdurzz6g8.us-west-2.rds.amazonaws.com",
            "service_access_role": null,
            "ssl_mode": "none",
            "tags": {},
            "tags_all": {
              "created_by": "infrahouse/terraform-aws-dms"
            },
            "timeouts": null,
            "username": "foo"
          },
          "sensitive_attributes": [
            [
              {
                "type": "get_attr",
                "value": "password"
              }
            ]
          ],
          "private": "eyJlMmJmYjczMC1lY2FhLTExZTYtOGY4OC0zNDM2M2JjN2M0YzAiOnsiY3JlYXRlIjozMDAwMDAwMDAwMDAsImRlbGV0ZSI6NjAwMDAwMDAwMDAwfX0=",
          "dependencies": [
            "module.test.data.aws_rds_cluster.target"
          ]
        }
      ]
    },
    {
      "module": "module.test",
      "mode": "managed",
      "type": "aws_dms_replication_instance",
      "name": "dms",
      "provider": "provider[\"registry.terraform.io/hashicorp/aws\"]",
      "instances": [
        {
          "schema_version": 0,
          "attributes": {
            "allocated_storage": 100,
            "allow_major_version_upgrade": true,
            "apply_immediately": null,
            "auto_minor_version_upgrade": false,
            "availability_zone": "us-west-2b",
            "engine_version": "3.6.1",
            "id": "dms",
            "kms_key_arn": "arn:aws:kms:us-west-2:303467602807:key/712c6f19-89e2-4151-b953-795f8bb19604",
            "multi_az": false,
            "network_type": "IPV4",
            "preferred_maintenance_window": "thu:06:11-thu:06:41",
            "publicly_accessible": false,
            "replication_instance_arn": "arn:aws:dms:us-west-2:303467602807:rep:KYPNNOVH2NBOTASNZB6QDQVVFI",
            "replication_instance_class": "dms.c5.4xlarge",
            "replication_instance_id": "dms",
            "replication_instance_private_ips": [
              "10.1.101.148"
            ],
            "replication_instance_public_ips": [],
            "replication_subnet_group_id": "migration",
            "tags": {},
            "tags_all": {
              "created_by": "infrahouse/terraform-aws-dms"
            },
            "timeouts": null,
            "vpc_security_group_ids": [
              "sg-064eb350f650fc2e3"
            ]
          },
          "sensitive_attributes": [],
          "private": "eyJlMmJmYjczMC1lY2FhLTExZTYtOGY4OC0zNDM2M2JjN2M0YzAiOnsiY3JlYXRlIjoyNDAwMDAwMDAwMDAwLCJkZWxldGUiOjE4MDAwMDAwMDAwMDAsInVwZGF0ZSI6MTgwMDAwMDAwMDAwMH19",
          "dependencies": [
            "module.test.aws_cloudwatch_log_group.dms-tasks",
            "module.test.aws_dms_replication_subnet_group.dms",
            "module.test.aws_iam_role.dms-access-for-endpoint",
            "module.test.aws_iam_role.dms-cloudwatch-logs-role",
            "module.test.aws_iam_role.dms-vpc-role",
            "module.test.aws_iam_role_policy_attachment.dms-access-for-endpoint-AmazonDMSRedshiftS3Role",
            "module.test.aws_iam_role_policy_attachment.dms-cloudwatch-logs-role-AmazonDMSCloudWatchLogsRole",
            "module.test.aws_iam_role_policy_attachment.dms-vpc-role-AmazonDMSVPCManagementRole",
            "module.test.data.aws_db_subnet_group.source",
            "module.test.data.aws_iam_policy_document.dms_assume_role",
            "module.test.data.aws_rds_cluster.source"
          ]
        }
      ]
    },
    {
      "module": "module.test",
      "mode": "managed",
      "type": "aws_dms_replication_subnet_group",
      "name": "dms",
      "provider": "provider[\"registry.terraform.io/hashicorp/aws\"]",
      "instances": [
        {
          "schema_version": 0,
          "attributes": {
            "id": "migration",
            "replication_subnet_group_arn": "arn:aws:dms:us-west-2:303467602807:subgrp:migration",
            "replication_subnet_group_description": "migration",
            "replication_subnet_group_id": "migration",
            "subnet_ids": [
              "subnet-08ea093fe10993deb",
              "subnet-097ca85f2242ffd64",
              "subnet-0b03865967f90c59e"
            ],
            "tags": {},
            "tags_all": {
              "created_by": "infrahouse/terraform-aws-dms"
            },
            "vpc_id": "vpc-0e97071454dd1b534"
          },
          "sensitive_attributes": [],
          "private": "bnVsbA==",
          "dependencies": [
            "module.test.data.aws_db_subnet_group.source",
            "module.test.data.aws_rds_cluster.source"
          ]
        }
      ]
    },
    {
      "module": "module.test",
      "mode": "managed",
      "type": "aws_dms_replication_task",
      "name": "dms",
      "provider": "provider[\"registry.terraform.io/hashicorp/aws\"]",
      "instances": [
        {
          "schema_version": 0,
          "attributes": {
            "cdc_start_position": "",
            "cdc_start_time": null,
            "id": "migration",
            "migration_type": "full-load-and-cdc",
            "replication_instance_arn": "arn:aws:dms:us-west-2:303467602807:rep:KYPNNOVH2NBOTASNZB6QDQVVFI",
            "replication_task_arn": "arn:aws:dms:us-west-2:303467602807:task:YJK4NBQLENFRZHLVRHRCJ4LB4A",
            "replication_task_id": "migration",
            "replication_task_settings": "{\"Logging\":{\"EnableLogging\":true,\"EnableLogContext\":true,\"LogComponents\":[{\"Severity\":\"LOGGER_SEVERITY_DEFAULT\",\"Id\":\"TRANSFORMATION\"},{\"Severity\":\"LOGGER_SEVERITY_DEFAULT\",\"Id\":\"SOURCE_UNLOAD\"},{\"Severity\":\"LOGGER_SEVERITY_DEFAULT\",\"Id\":\"RESYNC_APPLY\"},{\"Severity\":\"LOGGER_SEVERITY_DEFAULT\",\"Id\":\"IO\"},{\"Severity\":\"LOGGER_SEVERITY_DEFAULT\",\"Id\":\"TARGET_LOAD\"},{\"Severity\":\"LOGGER_SEVERITY_DEFAULT\",\"Id\":\"PERFORMANCE\"},{\"Severity\":\"LOGGER_SEVERITY_DEFAULT\",\"Id\":\"SOURCE_CAPTURE\"},{\"Severity\":\"LOGGER_SEVERITY_DEFAULT\",\"Id\":\"SORTER\"},{\"Severity\":\"LOGGER_SEVERITY_DEFAULT\",\"Id\":\"REST_SERVER\"},{\"Severity\":\"LOGGER_SEVERITY_DEFAULT\",\"Id\":\"RESYNC_UNLOAD\"},{\"Severity\":\"LOGGER_SEVERITY_DEFAULT\",\"Id\":\"VALIDATOR_EXT\"},{\"Severity\":\"LOGGER_SEVERITY_DEFAULT\",\"Id\":\"TARGET_APPLY\"},{\"Severity\":\"LOGGER_SEVERITY_DEFAULT\",\"Id\":\"TASK_MANAGER\"},{\"Severity\":\"LOGGER_SEVERITY_DEFAULT\",\"Id\":\"TABLES_MANAGER\"},{\"Severity\":\"LOGGER_SEVERITY_DEFAULT\",\"Id\":\"METADATA_MANAGER\"},{\"Severity\":\"LOGGER_SEVERITY_DEFAULT\",\"Id\":\"DATA_RESYNC\"},{\"Severity\":\"LOGGER_SEVERITY_DEFAULT\",\"Id\":\"FILE_FACTORY\"},{\"Severity\":\"LOGGER_SEVERITY_DEFAULT\",\"Id\":\"COMMON\"},{\"Severity\":\"LOGGER_SEVERITY_DEFAULT\",\"Id\":\"ADDONS\"},{\"Severity\":\"LOGGER_SEVERITY_DEFAULT\",\"Id\":\"DATA_STRUCTURE\"},{\"Severity\":\"LOGGER_SEVERITY_DEFAULT\",\"Id\":\"COMMUNICATION\"},{\"Severity\":\"LOGGER_SEVERITY_DEFAULT\",\"Id\":\"FILE_TRANSFER\"}],\"CloudWatchLogGroup\":\"dms-tasks-dms\",\"CloudWatchLogStream\":\"dms-task-YJK4NBQLENFRZHLVRHRCJ4LB4A\"},\"StreamBufferSettings\":{\"StreamBufferCount\":3,\"CtrlStreamBufferSizeInMB\":5,\"StreamBufferSizeInMB\":8},\"ErrorBehavior\":{\"FailOnNoTablesCaptured\":true,\"ApplyErrorUpdatePolicy\":\"LOG_ERROR\",\"FailOnTransactionConsistencyBreached\":true,\"RecoverableErrorThrottlingMax\":1800,\"DataErrorEscalationPolicy\":\"SUSPEND_TABLE\",\"ApplyErrorEscalationCount\":0,\"RecoverableErrorStopRetryAfterThrottlingMax\":true,\"RecoverableErrorThrottling\":true,\"ApplyErrorFailOnTruncationDdl\":true,\"DataMaskingErrorPolicy\":\"STOP_TASK\",\"DataTruncationErrorPolicy\":\"LOG_ERROR\",\"ApplyErrorInsertPolicy\":\"LOG_ERROR\",\"EventErrorPolicy\":\"IGNORE\",\"ApplyErrorEscalationPolicy\":\"LOG_ERROR\",\"RecoverableErrorCount\":-1,\"DataErrorEscalationCount\":0,\"TableErrorEscalationPolicy\":\"STOP_TASK\",\"RecoverableErrorInterval\":5,\"ApplyErrorDeletePolicy\":\"IGNORE_RECORD\",\"TableErrorEscalationCount\":0,\"FullLoadIgnoreConflicts\":false,\"DataErrorPolicy\":\"LOG_ERROR\",\"TableErrorPolicy\":\"SUSPEND_TABLE\"},\"ValidationSettings\":{\"ValidationPartialLobSize\":0,\"PartitionSize\":10000,\"RecordFailureDelayLimitInMinutes\":0,\"SkipLobColumns\":false,\"ValidationS3Time\":0,\"FailureMaxCount\":10000,\"HandleCollationDiff\":false,\"ValidationQueryCdcDelaySeconds\":0,\"ValidationMode\":\"ROW_LEVEL\",\"TableFailureMaxCount\":1000,\"RecordFailureDelayInMinutes\":5,\"MaxKeyColumnSize\":8096,\"EnableValidation\":true,\"ThreadCount\":5,\"RecordSuspendDelayInMinutes\":30,\"ValidationS3Mask\":0,\"ValidationOnly\":false},\"TTSettings\":{\"TTS3Settings\":null,\"TTRecordSettings\":null,\"EnableTT\":false},\"FullLoadSettings\":{\"CommitRate\":10000,\"StopTaskCachedChangesApplied\":false,\"StopTaskCachedChangesNotApplied\":false,\"MaxFullLoadSubTasks\":8,\"TransactionConsistencyTimeout\":600,\"CreatePkAfterFullLoad\":false,\"TargetTablePrepMode\":\"TRUNCATE_BEFORE_LOAD\"},\"TargetMetadata\":{\"ParallelApplyBufferSize\":0,\"ParallelApplyQueuesPerThread\":0,\"ParallelApplyThreads\":0,\"TargetSchema\":\"\",\"InlineLobMaxSize\":64,\"ParallelLoadQueuesPerThread\":0,\"SupportLobs\":true,\"LobChunkSize\":20000,\"TaskRecoveryTableEnabled\":false,\"ParallelLoadThreads\":0,\"LobMaxSize\":32,\"BatchApplyEnabled\":false,\"FullLobMode\":true,\"LimitedSizeLobMode\":false,\"LoadMaxFileSize\":0,\"ParallelLoadBufferSize\":0},\"BeforeImageSettings\":null,\"ControlTablesSettings\":{\"historyTimeslotInMinutes\":5,\"CommitPositionTableEnabled\":false,\"HistoryTimeslotInMinutes\":5,\"StatusTableEnabled\":false,\"SuspendedTablesTableEnabled\":false,\"HistoryTableEnabled\":false,\"ControlSchema\":\"\",\"FullLoadExceptionTableEnabled\":false},\"LoopbackPreventionSettings\":null,\"CharacterSetSettings\":null,\"FailTaskWhenCleanTaskResourceFailed\":false,\"ChangeProcessingTuning\":{\"StatementCacheSize\":50,\"CommitTimeout\":1,\"RecoveryTimeout\":-1,\"BatchApplyPreserveTransaction\":true,\"BatchApplyTimeoutMin\":1,\"BatchSplitSize\":0,\"BatchApplyTimeoutMax\":30,\"MinTransactionSize\":1000,\"MemoryKeepTime\":60,\"BatchApplyMemoryLimit\":500,\"MemoryLimitTotal\":1024},\"ChangeProcessingDdlHandlingPolicy\":{\"HandleSourceTableDropped\":true,\"HandleSourceTableTruncated\":true,\"HandleSourceTableAltered\":true},\"PostProcessingRules\":null}",
            "resource_identifier": null,
            "source_endpoint_arn": "arn:aws:dms:us-west-2:303467602807:endpoint:55W5ZFGTERDDDFEOJ4OIPKBZQQ",
            "start_replication_task": true,
            "status": "failed",
            "table_mappings": "{\"rules\":[{\"object-locator\":{\"schema-name\":\"public\",\"table-name\":\"%\"},\"rule-action\":\"include\",\"rule-id\":1,\"rule-name\":\"1\",\"rule-type\":\"selection\"}]}",
            "tags": {},
            "tags_all": {
              "created_by": "infrahouse/terraform-aws-dms"
            },
            "target_endpoint_arn": "arn:aws:dms:us-west-2:303467602807:endpoint:S6GRY7USQRCQPI3CORFODLHSZA"
          },
          "sensitive_attributes": [],
          "private": "bnVsbA==",
          "dependencies": [
            "module.test.aws_cloudwatch_log_group.dms-tasks",
            "module.test.aws_dms_endpoint.source",
            "module.test.aws_dms_endpoint.target",
            "module.test.aws_dms_replication_instance.dms",
            "module.test.aws_dms_replication_subnet_group.dms",
            "module.test.aws_iam_role.dms-access-for-endpoint",
            "module.test.aws_iam_role.dms-cloudwatch-logs-role",
            "module.test.aws_iam_role.dms-vpc-role",
            "module.test.aws_iam_role_policy_attachment.dms-access-for-endpoint-AmazonDMSRedshiftS3Role",
            "module.test.aws_iam_role_policy_attachment.dms-cloudwatch-logs-role-AmazonDMSCloudWatchLogsRole",
            "module.test.aws_iam_role_policy_attachment.dms-vpc-role-AmazonDMSVPCManagementRole",
            "module.test.data.aws_db_subnet_group.source",
            "module.test.data.aws_iam_policy_document.dms_assume_role",
            "module.test.data.aws_rds_cluster.source",
            "module.test.data.aws_rds_cluster.target"
          ]
        }
      ]
    },
    {
      "module": "module.test",
      "mode": "managed",
      "type": "aws_iam_role",
      "name": "dms-access-for-endpoint",
      "provider": "provider[\"registry.terraform.io/hashicorp/aws\"]",
      "instances": [
        {
          "schema_version": 0,
          "attributes": {
            "arn": "arn:aws:iam::303467602807:role/dms-access-for-endpoint",
            "assume_role_policy": "{\"Statement\":[{\"Action\":\"sts:AssumeRole\",\"Effect\":\"Allow\",\"Principal\":{\"Service\":\"dms.amazonaws.com\"}}],\"Version\":\"2012-10-17\"}",
            "create_date": "2025-08-03T17:59:53Z",
            "description": "",
            "force_detach_policies": false,
            "id": "dms-access-for-endpoint",
            "inline_policy": [],
            "managed_policy_arns": [
              "arn:aws:iam::aws:policy/service-role/AmazonDMSRedshiftS3Role"
            ],
            "max_session_duration": 3600,
            "name": "dms-access-for-endpoint",
            "name_prefix": "",
            "path": "/",
            "permissions_boundary": "",
            "tags": {},
            "tags_all": {
              "created_by": "infrahouse/terraform-aws-dms"
            },
            "unique_id": "AROAUNKAUEN3TUMYSOI35"
          },
          "sensitive_attributes": [],
          "private": "bnVsbA==",
          "dependencies": [
            "module.test.data.aws_iam_policy_document.dms_assume_role"
          ]
        }
      ]
    },
    {
      "module": "module.test",
      "mode": "managed",
      "type": "aws_iam_role",
      "name": "dms-cloudwatch-logs-role",
      "provider": "provider[\"registry.terraform.io/hashicorp/aws\"]",
      "instances": [
        {
          "schema_version": 0,
          "attributes": {
            "arn": "arn:aws:iam::303467602807:role/dms-cloudwatch-logs-role",
            "assume_role_policy": "{\"Statement\":[{\"Action\":\"sts:AssumeRole\",\"Effect\":\"Allow\",\"Principal\":{\"Service\":\"dms.amazonaws.com\"}}],\"Version\":\"2012-10-17\"}",
            "create_date": "2025-08-03T17:59:53Z",
            "description": "",
            "force_detach_policies": false,
            "id": "dms-cloudwatch-logs-role",
            "inline_policy": [],
            "managed_policy_arns": [
              "arn:aws:iam::aws:policy/service-role/AmazonDMSCloudWatchLogsRole"
            ],
            "max_session_duration": 3600,
            "name": "dms-cloudwatch-logs-role",
            "name_prefix": "",
            "path": "/",
            "permissions_boundary": "",
            "tags": {},
            "tags_all": {
              "created_by": "infrahouse/terraform-aws-dms"
            },
            "unique_id": "AROAUNKAUEN37XYDDG3ZB"
          },
          "sensitive_attributes": [],
          "private": "bnVsbA==",
          "dependencies": [
            "module.test.data.aws_iam_policy_document.dms_assume_role"
          ]
        }
      ]
    },
    {
      "module": "module.test",
      "mode": "managed",
      "type": "aws_iam_role",
      "name": "dms-vpc-role",
      "provider": "provider[\"registry.terraform.io/hashicorp/aws\"]",
      "instances": [
        {
          "schema_version": 0,
          "attributes": {
            "arn": "arn:aws:iam::303467602807:role/dms-vpc-role",
            "assume_role_policy": "{\"Statement\":[{\"Action\":\"sts:AssumeRole\",\"Effect\":\"Allow\",\"Principal\":{\"Service\":\"dms.amazonaws.com\"}}],\"Version\":\"2012-10-17\"}",
            "create_date": "2025-08-03T17:59:53Z",
            "description": "",
            "force_detach_policies": false,
            "id": "dms-vpc-role",
            "inline_policy": [],
            "managed_policy_arns": [
              "arn:aws:iam::aws:policy/service-role/AmazonDMSVPCManagementRole"
            ],
            "max_session_duration": 3600,
            "name": "dms-vpc-role",
            "name_prefix": "",
            "path": "/",
            "permissions_boundary": "",
            "tags": {},
            "tags_all": {
              "created_by": "infrahouse/terraform-aws-dms"
            },
            "unique_id": "AROAUNKAUEN37ENW6DFXV"
          },
          "sensitive_attributes": [],
          "private": "bnVsbA==",
          "dependencies": [
            "module.test.data.aws_iam_policy_document.dms_assume_role"
          ]
        }
      ]
    },
    {
      "module": "module.test",
      "mode": "managed",
      "type": "aws_iam_role_policy_attachment",
      "name": "dms-access-for-endpoint-AmazonDMSRedshiftS3Role",
      "provider": "provider[\"registry.terraform.io/hashicorp/aws\"]",
      "instances": [
        {
          "schema_version": 0,
          "attributes": {
            "id": "dms-access-for-endpoint-20250803175953837700000002",
            "policy_arn": "arn:aws:iam::aws:policy/service-role/AmazonDMSRedshiftS3Role",
            "role": "dms-access-for-endpoint"
          },
          "sensitive_attributes": [],
          "private": "bnVsbA==",
          "dependencies": [
            "module.test.aws_iam_role.dms-access-for-endpoint",
            "module.test.data.aws_iam_policy_document.dms_assume_role"
          ]
        }
      ]
    },
    {
      "module": "module.test",
      "mode": "managed",
      "type": "aws_iam_role_policy_attachment",
      "name": "dms-cloudwatch-logs-role-AmazonDMSCloudWatchLogsRole",
      "provider": "provider[\"registry.terraform.io/hashicorp/aws\"]",
      "instances": [
        {
          "schema_version": 0,
          "attributes": {
            "id": "dms-cloudwatch-logs-role-20250803175953807800000001",
            "policy_arn": "arn:aws:iam::aws:policy/service-role/AmazonDMSCloudWatchLogsRole",
            "role": "dms-cloudwatch-logs-role"
          },
          "sensitive_attributes": [],
          "private": "bnVsbA==",
          "dependencies": [
            "module.test.aws_iam_role.dms-cloudwatch-logs-role",
            "module.test.data.aws_iam_policy_document.dms_assume_role"
          ]
        }
      ]
    },
    {
      "module": "module.test",
      "mode": "managed",
      "type": "aws_iam_role_policy_attachment",
      "name": "dms-vpc-role-AmazonDMSVPCManagementRole",
      "provider": "provider[\"registry.terraform.io/hashicorp/aws\"]",
      "instances": [
        {
          "schema_version": 0,
          "attributes": {
            "id": "dms-vpc-role-20250803175953841200000003",
            "policy_arn": "arn:aws:iam::aws:policy/service-role/AmazonDMSVPCManagementRole",
            "role": "dms-vpc-role"
          },
          "sensitive_attributes": [],
          "private": "bnVsbA==",
          "dependencies": [
            "module.test.aws_iam_role.dms-vpc-role",
            "module.test.data.aws_iam_policy_document.dms_assume_role"
          ]
        }
      ]
    }
  ],
  "check_results": null
}
